
Microsoft Visual Studio Solution File, Format Version 12.00
# Visual Studio Version 17
VisualStudioVersion = 17.2.32519.379
MinimumVisualStudioVersion = 10.0.40219.1
Project("{FAE04EC0-301F-11D3-BF4B-00C04F79EFBC}") = "obiskonya", "obiskonya\obiskonya.csproj", "{6937C267-3F22-4BBB-A707-AF7348935ED3}"
EndProject
Global
	GlobalSection(SolutionConfigurationPlatforms) = preSolution
		Debug|Any CPU = Debug|Any CPU
		Release|Any CPU = Release|Any CPU
	EndGlobalSection
	GlobalSection(ProjectConfigurationPlatforms) = postSolution
		{6937C267-3F22-4BBB-A707-AF7348935ED3}.Debug|Any CPU.ActiveCfg = Debug|Any CPU
		{6937C267-3F22-4BBB-A707-AF7348935ED3}.Debug|Any CPU.Build.0 = Debug|Any CPU
		{6937C267-3F22-4BBB-A707-AF7348935ED3}.Release|Any CPU.ActiveCfg = Release|Any CPU
		{6937C267-3F22-4BBB-A707-AF7348935ED3}.Release|Any CPU.Build.0 = Release|Any CPU
	EndGlobalSection
	GlobalSection(SolutionProperties) = preSolution
		HideSolutionNode = FALSE
	EndGlobalSection
	GlobalSection(ExtensibilityGlobals) = postSolution
		SolutionGuid = {9EABA642-F6D1-43D3-8FF4-74B4B0626935}
	EndGlobalSection
EndGlobal
